
Microsoft Visual Studio Solution File, Format Version 12.00
# Visual Studio Version 17
VisualStudioVersion = 17.11.35327.3
MinimumVisualStudioVersion = 10.0.40219.1
Project("{FAE04EC0-301F-11D3-BF4B-00C04F79EFBC}") = "BookTrackApi", "BookTrackApi\BookTrackApi.csproj", "{74D242F9-40F5-4E26-BDD2-06E092A8B391}"
EndProject
Project("{2150E333-8FDC-42A3-9474-1A3956D46DE8}") = "Solution Items", "Solution Items", "{DEB6B176-812B-43BD-A227-FEFB70F99FFA}"
	ProjectSection(SolutionItems) = preProject
		.gitignore = .gitignore
	EndProjectSection
EndProject
Global
	GlobalSection(SolutionConfigurationPlatforms) = preSolution
		Debug|Any CPU = Debug|Any CPU
		Release|Any CPU = Release|Any CPU
	EndGlobalSection
	GlobalSection(ProjectConfigurationPlatforms) = postSolution
		{74D242F9-40F5-4E26-BDD2-06E092A8B391}.Debug|Any CPU.ActiveCfg = Debug|Any CPU
		{74D242F9-40F5-4E26-BDD2-06E092A8B391}.Debug|Any CPU.Build.0 = Debug|Any CPU
		{74D242F9-40F5-4E26-BDD2-06E092A8B391}.Release|Any CPU.ActiveCfg = Release|Any CPU
		{74D242F9-40F5-4E26-BDD2-06E092A8B391}.Release|Any CPU.Build.0 = Release|Any CPU
	EndGlobalSection
	GlobalSection(SolutionProperties) = preSolution
		HideSolutionNode = FALSE
	EndGlobalSection
	GlobalSection(ExtensibilityGlobals) = postSolution
		SolutionGuid = {A3F46489-7DCB-4966-AD28-BB7F668A71F0}
	EndGlobalSection
EndGlobal
